
Microsoft Visual Studio Solution File, Format Version 12.00
Project("{FAE04EC0-301F-11D3-BF4B-00C04F79EFBC}") = "EditorAI", "EditorAI\EditorAI.csproj", "{8333F7DA-FFA8-4F38-A90C-10F1AE67DA91}"
EndProject
Global
	GlobalSection(SolutionConfigurationPlatforms) = preSolution
		Debug|Any CPU = Debug|Any CPU
		Release|Any CPU = Release|Any CPU
	EndGlobalSection
	GlobalSection(ProjectConfigurationPlatforms) = postSolution
		{8333F7DA-FFA8-4F38-A90C-10F1AE67DA91}.Debug|Any CPU.ActiveCfg = Debug|Any CPU
		{8333F7DA-FFA8-4F38-A90C-10F1AE67DA91}.Debug|Any CPU.Build.0 = Debug|Any CPU
		{8333F7DA-FFA8-4F38-A90C-10F1AE67DA91}.Release|Any CPU.ActiveCfg = Release|Any CPU
		{8333F7DA-FFA8-4F38-A90C-10F1AE67DA91}.Release|Any CPU.Build.0 = Release|Any CPU
	EndGlobalSection
EndGlobal
